
Microsoft Visual Studio Solution File, Format Version 12.00
# Visual Studio 15
VisualStudioVersion = 15.0.27130.2020
MinimumVisualStudioVersion = 10.0.40219.1
Project("{FAE04EC0-301F-11D3-BF4B-00C04F79EFBC}") = "MovieAppliction", "MovieAppliction\MovieAppliction.csproj", "{B38FF96F-76CE-44DF-AFF3-EA2724EC1747}"
EndProject
Global
	GlobalSection(SolutionConfigurationPlatforms) = preSolution
		Debug|Any CPU = Debug|Any CPU
		Release|Any CPU = Release|Any CPU
	EndGlobalSection
	GlobalSection(ProjectConfigurationPlatforms) = postSolution
		{B38FF96F-76CE-44DF-AFF3-EA2724EC1747}.Debug|Any CPU.ActiveCfg = Debug|Any CPU
		{B38FF96F-76CE-44DF-AFF3-EA2724EC1747}.Debug|Any CPU.Build.0 = Debug|Any CPU
		{B38FF96F-76CE-44DF-AFF3-EA2724EC1747}.Release|Any CPU.ActiveCfg = Release|Any CPU
		{B38FF96F-76CE-44DF-AFF3-EA2724EC1747}.Release|Any CPU.Build.0 = Release|Any CPU
	EndGlobalSection
	GlobalSection(SolutionProperties) = preSolution
		HideSolutionNode = FALSE
	EndGlobalSection
	GlobalSection(ExtensibilityGlobals) = postSolution
		SolutionGuid = {7BCF1C73-99CB-4C3B-9E2D-2425CEF2329F}
	EndGlobalSection
EndGlobal
